
Microsoft Visual Studio Solution File, Format Version 12.00
# Visual Studio Version 17
VisualStudioVersion = 17.0.31903.59
MinimumVisualStudioVersion = 10.0.40219.1
Project("{9A19103F-16F7-4668-BE54-9A1E7A4F7556}") = "PetHome.API", "src\PetHome.API\PetHome.API.csproj", "{DC062764-2F6B-4B38-B4FF-B34859A0D716}"
EndProject
Project("{9A19103F-16F7-4668-BE54-9A1E7A4F7556}") = "PetHome.Domain", "src\PetHome.Domain\PetHome.Domain.csproj", "{43ADA23E-C824-4323-8C4D-291C31B036B3}"
EndProject
Project("{9A19103F-16F7-4668-BE54-9A1E7A4F7556}") = "PetHome.Application", "src\PetHome.Application\PetHome.Application.csproj", "{799D9581-9C50-4DAD-82C8-DB58343ADBE6}"
EndProject
Project("{9A19103F-16F7-4668-BE54-9A1E7A4F7556}") = "PetHome.Infrastructure", "src\PetHome.Infrastructure\PetHome.Infrastructure.csproj", "{9DC8FA80-C601-44FE-8AF6-2FA64AA824BC}"
EndProject
Project("{2150E333-8FDC-42A3-9474-1A3956D46DE8}") = "Solution Items", "Solution Items", "{E4C2F3C9-3832-493D-B67F-58234B6ED51A}"
	ProjectSection(SolutionItems) = preProject
		docker-compose.yml = docker-compose.yml
	EndProjectSection
EndProject
Project("{2150E333-8FDC-42A3-9474-1A3956D46DE8}") = "Tests", "Tests", "{6B465ED6-36BE-4CD3-8723-FAEF6ECF246B}"
EndProject
Project("{FAE04EC0-301F-11D3-BF4B-00C04F79EFBC}") = "PetHome.UnitTests", "PetHome.UnitTests\PetHome.UnitTests.csproj", "{8FB32834-CD90-4012-9FA5-ECE24EEFABDC}"
EndProject
Global
	GlobalSection(SolutionConfigurationPlatforms) = preSolution
		Debug|Any CPU = Debug|Any CPU
		Release|Any CPU = Release|Any CPU
	EndGlobalSection
	GlobalSection(ProjectConfigurationPlatforms) = postSolution
		{DC062764-2F6B-4B38-B4FF-B34859A0D716}.Debug|Any CPU.ActiveCfg = Debug|Any CPU
		{DC062764-2F6B-4B38-B4FF-B34859A0D716}.Debug|Any CPU.Build.0 = Debug|Any CPU
		{DC062764-2F6B-4B38-B4FF-B34859A0D716}.Release|Any CPU.ActiveCfg = Release|Any CPU
		{DC062764-2F6B-4B38-B4FF-B34859A0D716}.Release|Any CPU.Build.0 = Release|Any CPU
		{43ADA23E-C824-4323-8C4D-291C31B036B3}.Debug|Any CPU.ActiveCfg = Debug|Any CPU
		{43ADA23E-C824-4323-8C4D-291C31B036B3}.Debug|Any CPU.Build.0 = Debug|Any CPU
		{43ADA23E-C824-4323-8C4D-291C31B036B3}.Release|Any CPU.ActiveCfg = Release|Any CPU
		{43ADA23E-C824-4323-8C4D-291C31B036B3}.Release|Any CPU.Build.0 = Release|Any CPU
		{799D9581-9C50-4DAD-82C8-DB58343ADBE6}.Debug|Any CPU.ActiveCfg = Debug|Any CPU
		{799D9581-9C50-4DAD-82C8-DB58343ADBE6}.Debug|Any CPU.Build.0 = Debug|Any CPU
		{799D9581-9C50-4DAD-82C8-DB58343ADBE6}.Release|Any CPU.ActiveCfg = Release|Any CPU
		{799D9581-9C50-4DAD-82C8-DB58343ADBE6}.Release|Any CPU.Build.0 = Release|Any CPU
		{9DC8FA80-C601-44FE-8AF6-2FA64AA824BC}.Debug|Any CPU.ActiveCfg = Debug|Any CPU
		{9DC8FA80-C601-44FE-8AF6-2FA64AA824BC}.Debug|Any CPU.Build.0 = Debug|Any CPU
		{9DC8FA80-C601-44FE-8AF6-2FA64AA824BC}.Release|Any CPU.ActiveCfg = Release|Any CPU
		{9DC8FA80-C601-44FE-8AF6-2FA64AA824BC}.Release|Any CPU.Build.0 = Release|Any CPU
		{8FB32834-CD90-4012-9FA5-ECE24EEFABDC}.Debug|Any CPU.ActiveCfg = Debug|Any CPU
		{8FB32834-CD90-4012-9FA5-ECE24EEFABDC}.Debug|Any CPU.Build.0 = Debug|Any CPU
		{8FB32834-CD90-4012-9FA5-ECE24EEFABDC}.Release|Any CPU.ActiveCfg = Release|Any CPU
		{8FB32834-CD90-4012-9FA5-ECE24EEFABDC}.Release|Any CPU.Build.0 = Release|Any CPU
	EndGlobalSection
	GlobalSection(SolutionProperties) = preSolution
		HideSolutionNode = FALSE
	EndGlobalSection
	GlobalSection(NestedProjects) = preSolution
		{8FB32834-CD90-4012-9FA5-ECE24EEFABDC} = {6B465ED6-36BE-4CD3-8723-FAEF6ECF246B}
	EndGlobalSection
	GlobalSection(ExtensibilityGlobals) = postSolution
		SolutionGuid = {06C878F5-0DD8-4F84-9E69-31F14DFBBD49}
	EndGlobalSection
EndGlobal
