
Microsoft Visual Studio Solution File, Format Version 12.00
# Visual Studio Version 17
VisualStudioVersion = 17.0.31903.59
MinimumVisualStudioVersion = 10.0.40219.1
Project("{9A19103F-16F7-4668-BE54-9A1E7A4F7556}") = "PetHome.Web", "src\PetHome.API\PetHome.Web.csproj", "{DC062764-2F6B-4B38-B4FF-B34859A0D716}"
EndProject
Project("{2150E333-8FDC-42A3-9474-1A3956D46DE8}") = "Solution Items", "Solution Items", "{E4C2F3C9-3832-493D-B67F-58234B6ED51A}"
	ProjectSection(SolutionItems) = preProject
		docker-compose.yml = docker-compose.yml
	EndProjectSection
EndProject
Project("{2150E333-8FDC-42A3-9474-1A3956D46DE8}") = "Tests", "Tests", "{6B465ED6-36BE-4CD3-8723-FAEF6ECF246B}"
EndProject
Project("{9A19103F-16F7-4668-BE54-9A1E7A4F7556}") = "PetHome.Domain.UnitTests", "PetHome.UnitTests\PetHome.Domain.UnitTests.csproj", "{8FB32834-CD90-4012-9FA5-ECE24EEFABDC}"
EndProject
Project("{9A19103F-16F7-4668-BE54-9A1E7A4F7556}") = "PetHome.Aplication.UnitTests", "PetHome.Aplication.UnitTests\PetHome.Aplication.UnitTests.csproj", "{56A7CF3B-4CF2-4DB7-A175-14A2D4431EBA}"
EndProject
Project("{9A19103F-16F7-4668-BE54-9A1E7A4F7556}") = "PetHome.Volunteers.Application", "src\PetHome.Volunteers.Application\PetHome.Volunteers.Application.csproj", "{BF5BD2BB-B12B-460F-A0AB-D9B97CD4E017}"
EndProject
Project("{9A19103F-16F7-4668-BE54-9A1E7A4F7556}") = "PetHome.Volunteers.Contracts", "src\PetHome.Volunteers.Contracts\PetHome.Volunteers.Contracts.csproj", "{44D5B0F5-9EB4-4F9D-8E08-918FCF11AC19}"
EndProject
Project("{9A19103F-16F7-4668-BE54-9A1E7A4F7556}") = "PetHome.Volunteers.Domain", "src\PetHome.Volunteers.Domain\PetHome.Volunteers.Domain.csproj", "{856A6095-0D65-4491-86AE-FAB30122B679}"
EndProject
Project("{9A19103F-16F7-4668-BE54-9A1E7A4F7556}") = "PetHome.Volunteers.Infrastructure", "src\PetHome.Volunteers.Infrastructure\PetHome.Volunteers.Infrastructure.csproj", "{84928A90-BFFF-4B75-80B0-84E6F74BB205}"
EndProject
Project("{9A19103F-16F7-4668-BE54-9A1E7A4F7556}") = "PetHome.Volunteers.Presentation", "src\PetHome.Volunteers.Presentation\PetHome.Volunteers.Presentation.csproj", "{A928B551-C1D5-49C2-AA84-15A3150A3A73}"
EndProject
Project("{9A19103F-16F7-4668-BE54-9A1E7A4F7556}") = "PetHome.Species.Application", "src\PetHome.Species.Application\PetHome.Species.Application.csproj", "{104BC9F9-5604-4CDB-9B7C-86281294618A}"
EndProject
Project("{9A19103F-16F7-4668-BE54-9A1E7A4F7556}") = "PetHome.Species.Contracts", "src\PetHome.Species.Contracts\PetHome.Species.Contracts.csproj", "{1900B108-0E96-4255-940F-3A66BCAA6B7B}"
EndProject
Project("{9A19103F-16F7-4668-BE54-9A1E7A4F7556}") = "PetHome.Species.Domain", "src\PetHome.Species.Domain\PetHome.Species.Domain.csproj", "{5F20A234-B09B-4CFB-9E47-665715AA3022}"
EndProject
Project("{9A19103F-16F7-4668-BE54-9A1E7A4F7556}") = "PetHome.Species.Infrastructure", "src\PetHome.Species.Infrastructure\PetHome.Species.Infrastructure.csproj", "{BF69A2C3-A157-4661-BA2C-069CCCD7302D}"
EndProject
Project("{9A19103F-16F7-4668-BE54-9A1E7A4F7556}") = "PetHome.Species.Presentation", "src\PetHome.Species.Presentation\PetHome.Species.Presentation.csproj", "{44C2A469-CF8A-4530-A06F-A1D6AA7D540F}"
EndProject
Project("{9A19103F-16F7-4668-BE54-9A1E7A4F7556}") = "PetHome.Shared.Core", "src\PetHome.Shared.Core\PetHome.Shared.Core.csproj", "{E17D621B-3E66-480E-A487-612116E471C8}"
EndProject
Project("{9A19103F-16F7-4668-BE54-9A1E7A4F7556}") = "PetHome.Shared.Framework", "src\PetHome.Shared.Framework\PetHome.Shared.Framework.csproj", "{73143388-CFCA-4813-B4AA-82473B061A8E}"
EndProject
Project("{9A19103F-16F7-4668-BE54-9A1E7A4F7556}") = "PetHome.Shared.SharedKernel", "src\PetHome.Shared.SharedKernel\PetHome.Shared.SharedKernel.csproj", "{4A3B14DB-350D-4E88-839B-54C5620F226C}"
EndProject
Project("{2150E333-8FDC-42A3-9474-1A3956D46DE8}") = "Shared", "Shared", "{3E4F073F-1217-4F55-A2E8-0F437BF66346}"
EndProject
Project("{2150E333-8FDC-42A3-9474-1A3956D46DE8}") = "Species", "Species", "{2619D3E7-8924-4FE0-AB52-D3225E2C1AFE}"
EndProject
Project("{2150E333-8FDC-42A3-9474-1A3956D46DE8}") = "Volunteers", "Volunteers", "{0D9C599E-1977-4722-A79D-3F8CB9007D51}"
EndProject
Project("{2150E333-8FDC-42A3-9474-1A3956D46DE8}") = "Accounts", "Accounts", "{294F3564-8365-4D2B-AC79-C37E9B47E19B}"
EndProject
Project("{9A19103F-16F7-4668-BE54-9A1E7A4F7556}") = "PetHome.Accounts.Application", "src\PetHome.Accounts.Application\PetHome.Accounts.Application.csproj", "{F710610B-1C23-4DDB-BBE7-605AB3BB7F0A}"
EndProject
Project("{9A19103F-16F7-4668-BE54-9A1E7A4F7556}") = "PetHome.Accounts.Contracts", "src\PetHome.Accounts.Contracts\PetHome.Accounts.Contracts.csproj", "{CEB9BDA7-AA50-4438-ABBD-67155D3E7D19}"
EndProject
Project("{9A19103F-16F7-4668-BE54-9A1E7A4F7556}") = "PetHome.Accounts.Domain", "src\PetHome.Accounts.Domain\PetHome.Accounts.Domain.csproj", "{E70229AF-E6EF-46F4-B1B6-2A2E83212475}"
EndProject
Project("{9A19103F-16F7-4668-BE54-9A1E7A4F7556}") = "PetHome.Accounts.Infrastructure", "src\PetHome.Accounts.Infrastructure\PetHome.Accounts.Infrastructure.csproj", "{7BD23150-CE0A-4AE9-B4FB-69DCD1375D6A}"
EndProject
Project("{9A19103F-16F7-4668-BE54-9A1E7A4F7556}") = "PetHome.Accounts.Presentation", "src\PetHome.Accounts.Presentation\PetHome.Accounts.Presentation.csproj", "{C03713D3-9EF9-449A-8D8E-55BF513231DF}"
EndProject
Project("{2150E333-8FDC-42A3-9474-1A3956D46DE8}") = "VolunteerRequest", "VolunteerRequest", "{9262F37C-A063-4A28-B12C-F0009A70153D}"
EndProject
Project("{9A19103F-16F7-4668-BE54-9A1E7A4F7556}") = "PetHome.VolunteerRequests.Application", "src\PetHome.VolunteerRequest\PetHome.VolunteerRequests.Application.csproj", "{DFBF49C6-46DD-49CE-9AFC-A0A1983CD5AB}"
EndProject
Project("{9A19103F-16F7-4668-BE54-9A1E7A4F7556}") = "PetHome.VolunteerRequests.Domain", "src\PetHome.VolunteerRequest.Domain\PetHome.VolunteerRequests.Domain.csproj", "{2DDFBDE4-6EBC-41A8-AE95-DBDB9893D6CF}"
EndProject
Project("{9A19103F-16F7-4668-BE54-9A1E7A4F7556}") = "PetHome.VolunteerRequests.Infrastructure", "src\PetHome.VolunteerRequest.Infrastructure\PetHome.VolunteerRequests.Infrastructure.csproj", "{CAE15A97-71DB-4C0F-B1FB-3E27C5E45B06}"
EndProject
Project("{9A19103F-16F7-4668-BE54-9A1E7A4F7556}") = "PetHome.VolunteerRequests.Presentation", "src\PetHome.VolunteerRequest.Presentation\PetHome.VolunteerRequests.Presentation.csproj", "{C0DA911F-249F-43E8-AD52-0A59DAB3DFC3}"
EndProject
Project("{9A19103F-16F7-4668-BE54-9A1E7A4F7556}") = "PetHome.VolunteerRequests.Contracts", "src\PetHome.VolunteerRequest.Contracts\PetHome.VolunteerRequests.Contracts.csproj", "{EAB259DB-AD5D-45E8-BCE6-038F79C98160}"
EndProject
Project("{9A19103F-16F7-4668-BE54-9A1E7A4F7556}") = "PetHome.VolunteerRequests.UnitTests", "src\PetHome.VolunteerRequest.UnitTests\PetHome.VolunteerRequests.UnitTests.csproj", "{D2841AA5-76D4-464D-BB67-EAC5E71E5EF7}"
EndProject
Project("{2150E333-8FDC-42A3-9474-1A3956D46DE8}") = "Disscusion", "Disscusion", "{17FCAE5E-3407-4B88-A6CB-CDA9ACB66EE6}"
EndProject
Project("{FAE04EC0-301F-11D3-BF4B-00C04F79EFBC}") = "PetHome.Disscusions.Domain", "src\PetHome.Disscusions.Domain\PetHome.Disscusions.Domain.csproj", "{246E2CEB-3443-497A-A4DA-8E8659ADD4D7}"
EndProject
Project("{FAE04EC0-301F-11D3-BF4B-00C04F79EFBC}") = "PetHome.Disscusions.Infrastructure", "src\PetHome.Disscusions.Infrastructure\PetHome.Disscusions.Infrastructure.csproj", "{0B9E96EB-7F85-4F4E-831E-DFB8610BE8BA}"
EndProject
Project("{FAE04EC0-301F-11D3-BF4B-00C04F79EFBC}") = "PetHome.Disscusions.Application", "src\PetHome.Disscusions.Application\PetHome.Disscusions.Application.csproj", "{514C1E70-1AB1-4EBB-946F-564990A154E6}"
EndProject
Project("{FAE04EC0-301F-11D3-BF4B-00C04F79EFBC}") = "PetHome.Disscusions.Contracts", "src\PetHome.Disscusions.Contracts\PetHome.Disscusions.Contracts.csproj", "{4ACC7AC3-6E28-4CEB-B0CD-68D04F3B3C2F}"
EndProject
Project("{FAE04EC0-301F-11D3-BF4B-00C04F79EFBC}") = "PetHome.Disscusions.Presentation", "PetHome.Disscusions.Presentation\PetHome.Disscusions.Presentation.csproj", "{711E0FCB-FACF-400E-B64F-1EDADB3C920B}"
EndProject
Project("{FAE04EC0-301F-11D3-BF4B-00C04F79EFBC}") = "PetHome.Disscusions.UnitTests", "src\PetHome.Disscusions.UnitTests\PetHome.Disscusions.UnitTests.csproj", "{FC0513A7-D211-4FC7-A4EC-C46652890B86}"
EndProject
Global
	GlobalSection(SolutionConfigurationPlatforms) = preSolution
		Debug|Any CPU = Debug|Any CPU
		Release|Any CPU = Release|Any CPU
	EndGlobalSection
	GlobalSection(ProjectConfigurationPlatforms) = postSolution
		{DC062764-2F6B-4B38-B4FF-B34859A0D716}.Debug|Any CPU.ActiveCfg = Debug|Any CPU
		{DC062764-2F6B-4B38-B4FF-B34859A0D716}.Debug|Any CPU.Build.0 = Debug|Any CPU
		{DC062764-2F6B-4B38-B4FF-B34859A0D716}.Release|Any CPU.ActiveCfg = Release|Any CPU
		{DC062764-2F6B-4B38-B4FF-B34859A0D716}.Release|Any CPU.Build.0 = Release|Any CPU
		{8FB32834-CD90-4012-9FA5-ECE24EEFABDC}.Debug|Any CPU.ActiveCfg = Debug|Any CPU
		{8FB32834-CD90-4012-9FA5-ECE24EEFABDC}.Debug|Any CPU.Build.0 = Debug|Any CPU
		{8FB32834-CD90-4012-9FA5-ECE24EEFABDC}.Release|Any CPU.ActiveCfg = Release|Any CPU
		{8FB32834-CD90-4012-9FA5-ECE24EEFABDC}.Release|Any CPU.Build.0 = Release|Any CPU
		{56A7CF3B-4CF2-4DB7-A175-14A2D4431EBA}.Debug|Any CPU.ActiveCfg = Debug|Any CPU
		{56A7CF3B-4CF2-4DB7-A175-14A2D4431EBA}.Debug|Any CPU.Build.0 = Debug|Any CPU
		{56A7CF3B-4CF2-4DB7-A175-14A2D4431EBA}.Release|Any CPU.ActiveCfg = Release|Any CPU
		{56A7CF3B-4CF2-4DB7-A175-14A2D4431EBA}.Release|Any CPU.Build.0 = Release|Any CPU
		{BF5BD2BB-B12B-460F-A0AB-D9B97CD4E017}.Debug|Any CPU.ActiveCfg = Debug|Any CPU
		{BF5BD2BB-B12B-460F-A0AB-D9B97CD4E017}.Debug|Any CPU.Build.0 = Debug|Any CPU
		{BF5BD2BB-B12B-460F-A0AB-D9B97CD4E017}.Release|Any CPU.ActiveCfg = Release|Any CPU
		{BF5BD2BB-B12B-460F-A0AB-D9B97CD4E017}.Release|Any CPU.Build.0 = Release|Any CPU
		{44D5B0F5-9EB4-4F9D-8E08-918FCF11AC19}.Debug|Any CPU.ActiveCfg = Debug|Any CPU
		{44D5B0F5-9EB4-4F9D-8E08-918FCF11AC19}.Debug|Any CPU.Build.0 = Debug|Any CPU
		{44D5B0F5-9EB4-4F9D-8E08-918FCF11AC19}.Release|Any CPU.ActiveCfg = Release|Any CPU
		{44D5B0F5-9EB4-4F9D-8E08-918FCF11AC19}.Release|Any CPU.Build.0 = Release|Any CPU
		{856A6095-0D65-4491-86AE-FAB30122B679}.Debug|Any CPU.ActiveCfg = Debug|Any CPU
		{856A6095-0D65-4491-86AE-FAB30122B679}.Debug|Any CPU.Build.0 = Debug|Any CPU
		{856A6095-0D65-4491-86AE-FAB30122B679}.Release|Any CPU.ActiveCfg = Release|Any CPU
		{856A6095-0D65-4491-86AE-FAB30122B679}.Release|Any CPU.Build.0 = Release|Any CPU
		{84928A90-BFFF-4B75-80B0-84E6F74BB205}.Debug|Any CPU.ActiveCfg = Debug|Any CPU
		{84928A90-BFFF-4B75-80B0-84E6F74BB205}.Debug|Any CPU.Build.0 = Debug|Any CPU
		{84928A90-BFFF-4B75-80B0-84E6F74BB205}.Release|Any CPU.ActiveCfg = Release|Any CPU
		{84928A90-BFFF-4B75-80B0-84E6F74BB205}.Release|Any CPU.Build.0 = Release|Any CPU
		{A928B551-C1D5-49C2-AA84-15A3150A3A73}.Debug|Any CPU.ActiveCfg = Debug|Any CPU
		{A928B551-C1D5-49C2-AA84-15A3150A3A73}.Debug|Any CPU.Build.0 = Debug|Any CPU
		{A928B551-C1D5-49C2-AA84-15A3150A3A73}.Release|Any CPU.ActiveCfg = Release|Any CPU
		{A928B551-C1D5-49C2-AA84-15A3150A3A73}.Release|Any CPU.Build.0 = Release|Any CPU
		{104BC9F9-5604-4CDB-9B7C-86281294618A}.Debug|Any CPU.ActiveCfg = Debug|Any CPU
		{104BC9F9-5604-4CDB-9B7C-86281294618A}.Debug|Any CPU.Build.0 = Debug|Any CPU
		{104BC9F9-5604-4CDB-9B7C-86281294618A}.Release|Any CPU.ActiveCfg = Release|Any CPU
		{104BC9F9-5604-4CDB-9B7C-86281294618A}.Release|Any CPU.Build.0 = Release|Any CPU
		{1900B108-0E96-4255-940F-3A66BCAA6B7B}.Debug|Any CPU.ActiveCfg = Debug|Any CPU
		{1900B108-0E96-4255-940F-3A66BCAA6B7B}.Debug|Any CPU.Build.0 = Debug|Any CPU
		{1900B108-0E96-4255-940F-3A66BCAA6B7B}.Release|Any CPU.ActiveCfg = Release|Any CPU
		{1900B108-0E96-4255-940F-3A66BCAA6B7B}.Release|Any CPU.Build.0 = Release|Any CPU
		{5F20A234-B09B-4CFB-9E47-665715AA3022}.Debug|Any CPU.ActiveCfg = Debug|Any CPU
		{5F20A234-B09B-4CFB-9E47-665715AA3022}.Debug|Any CPU.Build.0 = Debug|Any CPU
		{5F20A234-B09B-4CFB-9E47-665715AA3022}.Release|Any CPU.ActiveCfg = Release|Any CPU
		{5F20A234-B09B-4CFB-9E47-665715AA3022}.Release|Any CPU.Build.0 = Release|Any CPU
		{BF69A2C3-A157-4661-BA2C-069CCCD7302D}.Debug|Any CPU.ActiveCfg = Debug|Any CPU
		{BF69A2C3-A157-4661-BA2C-069CCCD7302D}.Debug|Any CPU.Build.0 = Debug|Any CPU
		{BF69A2C3-A157-4661-BA2C-069CCCD7302D}.Release|Any CPU.ActiveCfg = Release|Any CPU
		{BF69A2C3-A157-4661-BA2C-069CCCD7302D}.Release|Any CPU.Build.0 = Release|Any CPU
		{44C2A469-CF8A-4530-A06F-A1D6AA7D540F}.Debug|Any CPU.ActiveCfg = Debug|Any CPU
		{44C2A469-CF8A-4530-A06F-A1D6AA7D540F}.Debug|Any CPU.Build.0 = Debug|Any CPU
		{44C2A469-CF8A-4530-A06F-A1D6AA7D540F}.Release|Any CPU.ActiveCfg = Release|Any CPU
		{44C2A469-CF8A-4530-A06F-A1D6AA7D540F}.Release|Any CPU.Build.0 = Release|Any CPU
		{E17D621B-3E66-480E-A487-612116E471C8}.Debug|Any CPU.ActiveCfg = Debug|Any CPU
		{E17D621B-3E66-480E-A487-612116E471C8}.Debug|Any CPU.Build.0 = Debug|Any CPU
		{E17D621B-3E66-480E-A487-612116E471C8}.Release|Any CPU.ActiveCfg = Release|Any CPU
		{E17D621B-3E66-480E-A487-612116E471C8}.Release|Any CPU.Build.0 = Release|Any CPU
		{73143388-CFCA-4813-B4AA-82473B061A8E}.Debug|Any CPU.ActiveCfg = Debug|Any CPU
		{73143388-CFCA-4813-B4AA-82473B061A8E}.Debug|Any CPU.Build.0 = Debug|Any CPU
		{73143388-CFCA-4813-B4AA-82473B061A8E}.Release|Any CPU.ActiveCfg = Release|Any CPU
		{73143388-CFCA-4813-B4AA-82473B061A8E}.Release|Any CPU.Build.0 = Release|Any CPU
		{4A3B14DB-350D-4E88-839B-54C5620F226C}.Debug|Any CPU.ActiveCfg = Debug|Any CPU
		{4A3B14DB-350D-4E88-839B-54C5620F226C}.Debug|Any CPU.Build.0 = Debug|Any CPU
		{4A3B14DB-350D-4E88-839B-54C5620F226C}.Release|Any CPU.ActiveCfg = Release|Any CPU
		{4A3B14DB-350D-4E88-839B-54C5620F226C}.Release|Any CPU.Build.0 = Release|Any CPU
		{F710610B-1C23-4DDB-BBE7-605AB3BB7F0A}.Debug|Any CPU.ActiveCfg = Debug|Any CPU
		{F710610B-1C23-4DDB-BBE7-605AB3BB7F0A}.Debug|Any CPU.Build.0 = Debug|Any CPU
		{F710610B-1C23-4DDB-BBE7-605AB3BB7F0A}.Release|Any CPU.ActiveCfg = Release|Any CPU
		{F710610B-1C23-4DDB-BBE7-605AB3BB7F0A}.Release|Any CPU.Build.0 = Release|Any CPU
		{CEB9BDA7-AA50-4438-ABBD-67155D3E7D19}.Debug|Any CPU.ActiveCfg = Debug|Any CPU
		{CEB9BDA7-AA50-4438-ABBD-67155D3E7D19}.Debug|Any CPU.Build.0 = Debug|Any CPU
		{CEB9BDA7-AA50-4438-ABBD-67155D3E7D19}.Release|Any CPU.ActiveCfg = Release|Any CPU
		{CEB9BDA7-AA50-4438-ABBD-67155D3E7D19}.Release|Any CPU.Build.0 = Release|Any CPU
		{E70229AF-E6EF-46F4-B1B6-2A2E83212475}.Debug|Any CPU.ActiveCfg = Debug|Any CPU
		{E70229AF-E6EF-46F4-B1B6-2A2E83212475}.Debug|Any CPU.Build.0 = Debug|Any CPU
		{E70229AF-E6EF-46F4-B1B6-2A2E83212475}.Release|Any CPU.ActiveCfg = Release|Any CPU
		{E70229AF-E6EF-46F4-B1B6-2A2E83212475}.Release|Any CPU.Build.0 = Release|Any CPU
		{7BD23150-CE0A-4AE9-B4FB-69DCD1375D6A}.Debug|Any CPU.ActiveCfg = Debug|Any CPU
		{7BD23150-CE0A-4AE9-B4FB-69DCD1375D6A}.Debug|Any CPU.Build.0 = Debug|Any CPU
		{7BD23150-CE0A-4AE9-B4FB-69DCD1375D6A}.Release|Any CPU.ActiveCfg = Release|Any CPU
		{7BD23150-CE0A-4AE9-B4FB-69DCD1375D6A}.Release|Any CPU.Build.0 = Release|Any CPU
		{C03713D3-9EF9-449A-8D8E-55BF513231DF}.Debug|Any CPU.ActiveCfg = Debug|Any CPU
		{C03713D3-9EF9-449A-8D8E-55BF513231DF}.Debug|Any CPU.Build.0 = Debug|Any CPU
		{C03713D3-9EF9-449A-8D8E-55BF513231DF}.Release|Any CPU.ActiveCfg = Release|Any CPU
		{C03713D3-9EF9-449A-8D8E-55BF513231DF}.Release|Any CPU.Build.0 = Release|Any CPU
		{DFBF49C6-46DD-49CE-9AFC-A0A1983CD5AB}.Debug|Any CPU.ActiveCfg = Debug|Any CPU
		{DFBF49C6-46DD-49CE-9AFC-A0A1983CD5AB}.Debug|Any CPU.Build.0 = Debug|Any CPU
		{DFBF49C6-46DD-49CE-9AFC-A0A1983CD5AB}.Release|Any CPU.ActiveCfg = Release|Any CPU
		{DFBF49C6-46DD-49CE-9AFC-A0A1983CD5AB}.Release|Any CPU.Build.0 = Release|Any CPU
		{2DDFBDE4-6EBC-41A8-AE95-DBDB9893D6CF}.Debug|Any CPU.ActiveCfg = Debug|Any CPU
		{2DDFBDE4-6EBC-41A8-AE95-DBDB9893D6CF}.Debug|Any CPU.Build.0 = Debug|Any CPU
		{2DDFBDE4-6EBC-41A8-AE95-DBDB9893D6CF}.Release|Any CPU.ActiveCfg = Release|Any CPU
		{2DDFBDE4-6EBC-41A8-AE95-DBDB9893D6CF}.Release|Any CPU.Build.0 = Release|Any CPU
		{CAE15A97-71DB-4C0F-B1FB-3E27C5E45B06}.Debug|Any CPU.ActiveCfg = Debug|Any CPU
		{CAE15A97-71DB-4C0F-B1FB-3E27C5E45B06}.Debug|Any CPU.Build.0 = Debug|Any CPU
		{CAE15A97-71DB-4C0F-B1FB-3E27C5E45B06}.Release|Any CPU.ActiveCfg = Release|Any CPU
		{CAE15A97-71DB-4C0F-B1FB-3E27C5E45B06}.Release|Any CPU.Build.0 = Release|Any CPU
		{C0DA911F-249F-43E8-AD52-0A59DAB3DFC3}.Debug|Any CPU.ActiveCfg = Debug|Any CPU
		{C0DA911F-249F-43E8-AD52-0A59DAB3DFC3}.Debug|Any CPU.Build.0 = Debug|Any CPU
		{C0DA911F-249F-43E8-AD52-0A59DAB3DFC3}.Release|Any CPU.ActiveCfg = Release|Any CPU
		{C0DA911F-249F-43E8-AD52-0A59DAB3DFC3}.Release|Any CPU.Build.0 = Release|Any CPU
		{EAB259DB-AD5D-45E8-BCE6-038F79C98160}.Debug|Any CPU.ActiveCfg = Debug|Any CPU
		{EAB259DB-AD5D-45E8-BCE6-038F79C98160}.Debug|Any CPU.Build.0 = Debug|Any CPU
		{EAB259DB-AD5D-45E8-BCE6-038F79C98160}.Release|Any CPU.ActiveCfg = Release|Any CPU
		{EAB259DB-AD5D-45E8-BCE6-038F79C98160}.Release|Any CPU.Build.0 = Release|Any CPU
		{D2841AA5-76D4-464D-BB67-EAC5E71E5EF7}.Debug|Any CPU.ActiveCfg = Debug|Any CPU
		{D2841AA5-76D4-464D-BB67-EAC5E71E5EF7}.Debug|Any CPU.Build.0 = Debug|Any CPU
		{D2841AA5-76D4-464D-BB67-EAC5E71E5EF7}.Release|Any CPU.ActiveCfg = Release|Any CPU
		{D2841AA5-76D4-464D-BB67-EAC5E71E5EF7}.Release|Any CPU.Build.0 = Release|Any CPU
		{246E2CEB-3443-497A-A4DA-8E8659ADD4D7}.Debug|Any CPU.ActiveCfg = Debug|Any CPU
		{246E2CEB-3443-497A-A4DA-8E8659ADD4D7}.Debug|Any CPU.Build.0 = Debug|Any CPU
		{246E2CEB-3443-497A-A4DA-8E8659ADD4D7}.Release|Any CPU.ActiveCfg = Release|Any CPU
		{246E2CEB-3443-497A-A4DA-8E8659ADD4D7}.Release|Any CPU.Build.0 = Release|Any CPU
		{0B9E96EB-7F85-4F4E-831E-DFB8610BE8BA}.Debug|Any CPU.ActiveCfg = Debug|Any CPU
		{0B9E96EB-7F85-4F4E-831E-DFB8610BE8BA}.Debug|Any CPU.Build.0 = Debug|Any CPU
		{0B9E96EB-7F85-4F4E-831E-DFB8610BE8BA}.Release|Any CPU.ActiveCfg = Release|Any CPU
		{0B9E96EB-7F85-4F4E-831E-DFB8610BE8BA}.Release|Any CPU.Build.0 = Release|Any CPU
		{514C1E70-1AB1-4EBB-946F-564990A154E6}.Debug|Any CPU.ActiveCfg = Debug|Any CPU
		{514C1E70-1AB1-4EBB-946F-564990A154E6}.Debug|Any CPU.Build.0 = Debug|Any CPU
		{514C1E70-1AB1-4EBB-946F-564990A154E6}.Release|Any CPU.ActiveCfg = Release|Any CPU
		{514C1E70-1AB1-4EBB-946F-564990A154E6}.Release|Any CPU.Build.0 = Release|Any CPU
		{4ACC7AC3-6E28-4CEB-B0CD-68D04F3B3C2F}.Debug|Any CPU.ActiveCfg = Debug|Any CPU
		{4ACC7AC3-6E28-4CEB-B0CD-68D04F3B3C2F}.Debug|Any CPU.Build.0 = Debug|Any CPU
		{4ACC7AC3-6E28-4CEB-B0CD-68D04F3B3C2F}.Release|Any CPU.ActiveCfg = Release|Any CPU
		{4ACC7AC3-6E28-4CEB-B0CD-68D04F3B3C2F}.Release|Any CPU.Build.0 = Release|Any CPU
		{711E0FCB-FACF-400E-B64F-1EDADB3C920B}.Debug|Any CPU.ActiveCfg = Debug|Any CPU
		{711E0FCB-FACF-400E-B64F-1EDADB3C920B}.Debug|Any CPU.Build.0 = Debug|Any CPU
		{711E0FCB-FACF-400E-B64F-1EDADB3C920B}.Release|Any CPU.ActiveCfg = Release|Any CPU
		{711E0FCB-FACF-400E-B64F-1EDADB3C920B}.Release|Any CPU.Build.0 = Release|Any CPU
		{FC0513A7-D211-4FC7-A4EC-C46652890B86}.Debug|Any CPU.ActiveCfg = Debug|Any CPU
		{FC0513A7-D211-4FC7-A4EC-C46652890B86}.Debug|Any CPU.Build.0 = Debug|Any CPU
		{FC0513A7-D211-4FC7-A4EC-C46652890B86}.Release|Any CPU.ActiveCfg = Release|Any CPU
		{FC0513A7-D211-4FC7-A4EC-C46652890B86}.Release|Any CPU.Build.0 = Release|Any CPU
	EndGlobalSection
	GlobalSection(SolutionProperties) = preSolution
		HideSolutionNode = FALSE
	EndGlobalSection
	GlobalSection(NestedProjects) = preSolution
		{8FB32834-CD90-4012-9FA5-ECE24EEFABDC} = {6B465ED6-36BE-4CD3-8723-FAEF6ECF246B}
		{56A7CF3B-4CF2-4DB7-A175-14A2D4431EBA} = {6B465ED6-36BE-4CD3-8723-FAEF6ECF246B}
		{BF5BD2BB-B12B-460F-A0AB-D9B97CD4E017} = {0D9C599E-1977-4722-A79D-3F8CB9007D51}
		{44D5B0F5-9EB4-4F9D-8E08-918FCF11AC19} = {0D9C599E-1977-4722-A79D-3F8CB9007D51}
		{856A6095-0D65-4491-86AE-FAB30122B679} = {0D9C599E-1977-4722-A79D-3F8CB9007D51}
		{84928A90-BFFF-4B75-80B0-84E6F74BB205} = {0D9C599E-1977-4722-A79D-3F8CB9007D51}
		{A928B551-C1D5-49C2-AA84-15A3150A3A73} = {0D9C599E-1977-4722-A79D-3F8CB9007D51}
		{104BC9F9-5604-4CDB-9B7C-86281294618A} = {2619D3E7-8924-4FE0-AB52-D3225E2C1AFE}
		{1900B108-0E96-4255-940F-3A66BCAA6B7B} = {2619D3E7-8924-4FE0-AB52-D3225E2C1AFE}
		{5F20A234-B09B-4CFB-9E47-665715AA3022} = {2619D3E7-8924-4FE0-AB52-D3225E2C1AFE}
		{BF69A2C3-A157-4661-BA2C-069CCCD7302D} = {2619D3E7-8924-4FE0-AB52-D3225E2C1AFE}
		{44C2A469-CF8A-4530-A06F-A1D6AA7D540F} = {2619D3E7-8924-4FE0-AB52-D3225E2C1AFE}
		{E17D621B-3E66-480E-A487-612116E471C8} = {3E4F073F-1217-4F55-A2E8-0F437BF66346}
		{73143388-CFCA-4813-B4AA-82473B061A8E} = {3E4F073F-1217-4F55-A2E8-0F437BF66346}
		{4A3B14DB-350D-4E88-839B-54C5620F226C} = {3E4F073F-1217-4F55-A2E8-0F437BF66346}
		{F710610B-1C23-4DDB-BBE7-605AB3BB7F0A} = {294F3564-8365-4D2B-AC79-C37E9B47E19B}
		{CEB9BDA7-AA50-4438-ABBD-67155D3E7D19} = {294F3564-8365-4D2B-AC79-C37E9B47E19B}
		{E70229AF-E6EF-46F4-B1B6-2A2E83212475} = {294F3564-8365-4D2B-AC79-C37E9B47E19B}
		{7BD23150-CE0A-4AE9-B4FB-69DCD1375D6A} = {294F3564-8365-4D2B-AC79-C37E9B47E19B}
		{C03713D3-9EF9-449A-8D8E-55BF513231DF} = {294F3564-8365-4D2B-AC79-C37E9B47E19B}
		{DFBF49C6-46DD-49CE-9AFC-A0A1983CD5AB} = {9262F37C-A063-4A28-B12C-F0009A70153D}
		{2DDFBDE4-6EBC-41A8-AE95-DBDB9893D6CF} = {9262F37C-A063-4A28-B12C-F0009A70153D}
		{CAE15A97-71DB-4C0F-B1FB-3E27C5E45B06} = {9262F37C-A063-4A28-B12C-F0009A70153D}
		{C0DA911F-249F-43E8-AD52-0A59DAB3DFC3} = {9262F37C-A063-4A28-B12C-F0009A70153D}
		{EAB259DB-AD5D-45E8-BCE6-038F79C98160} = {9262F37C-A063-4A28-B12C-F0009A70153D}
		{D2841AA5-76D4-464D-BB67-EAC5E71E5EF7} = {6B465ED6-36BE-4CD3-8723-FAEF6ECF246B}
		{246E2CEB-3443-497A-A4DA-8E8659ADD4D7} = {17FCAE5E-3407-4B88-A6CB-CDA9ACB66EE6}
		{0B9E96EB-7F85-4F4E-831E-DFB8610BE8BA} = {17FCAE5E-3407-4B88-A6CB-CDA9ACB66EE6}
		{514C1E70-1AB1-4EBB-946F-564990A154E6} = {17FCAE5E-3407-4B88-A6CB-CDA9ACB66EE6}
		{4ACC7AC3-6E28-4CEB-B0CD-68D04F3B3C2F} = {17FCAE5E-3407-4B88-A6CB-CDA9ACB66EE6}
		{711E0FCB-FACF-400E-B64F-1EDADB3C920B} = {17FCAE5E-3407-4B88-A6CB-CDA9ACB66EE6}
		{FC0513A7-D211-4FC7-A4EC-C46652890B86} = {6B465ED6-36BE-4CD3-8723-FAEF6ECF246B}
	EndGlobalSection
	GlobalSection(ExtensibilityGlobals) = postSolution
		SolutionGuid = {06C878F5-0DD8-4F84-9E69-31F14DFBBD49}
	EndGlobalSection
EndGlobal
